Microsoft Visual Studio Solution File, Format Version 11.00
# Visual Studio 2010
Project("{FAE04EC0-301F-11D3-BF4B-00C04F79EFBC}") = "Assembly-CSharp", "Assembly-CSharp.csproj", "{6568C254-4261-CF71-CB6C-49C18443956C}"
EndProject
Project("{FAE04EC0-301F-11D3-BF4B-00C04F79EFBC}") = "Assembly-CSharp-Editor-firstpass", "Assembly-CSharp-Editor-firstpass.csproj", "{C0EC21E2-BD6D-4E98-E168-53C593162616}"
EndProject
Global
	GlobalSection(SolutionConfigurationPlatforms) = preSolution
		Debug|Any CPU = Debug|Any CPU
		Release|Any CPU = Release|Any CPU
	EndGlobalSection
	GlobalSection(ProjectConfigurationPlatforms) = postSolution
		{6568C254-4261-CF71-CB6C-49C18443956C}.Debug|Any CPU.ActiveCfg = Debug|Any CPU
		{6568C254-4261-CF71-CB6C-49C18443956C}.Debug|Any CPU.Build.0 = Debug|Any CPU
		{6568C254-4261-CF71-CB6C-49C18443956C}.Release|Any CPU.ActiveCfg = Release|Any CPU
		{6568C254-4261-CF71-CB6C-49C18443956C}.Release|Any CPU.Build.0 = Release|Any CPU
		{C0EC21E2-BD6D-4E98-E168-53C593162616}.Debug|Any CPU.ActiveCfg = Debug|Any CPU
		{C0EC21E2-BD6D-4E98-E168-53C593162616}.Debug|Any CPU.Build.0 = Debug|Any CPU
		{C0EC21E2-BD6D-4E98-E168-53C593162616}.Release|Any CPU.ActiveCfg = Release|Any CPU
		{C0EC21E2-BD6D-4E98-E168-53C593162616}.Release|Any CPU.Build.0 = Release|Any CPU
	EndGlobalSection
	GlobalSection(SolutionProperties) = preSolution
		HideSolutionNode = FALSE
	EndGlobalSection
	GlobalSection(MonoDevelopProperties) = preSolution
		StartupItem = Assembly-CSharp.csproj
	EndGlobalSection
EndGlobal
